
Microsoft Visual Studio Solution File, Format Version 12.00
# Visual Studio 15
VisualStudioVersion = 15.0.27130.2027
MinimumVisualStudioVersion = 10.0.40219.1
Project("{9A19103F-16F7-4668-BE54-9A1E7A4F7556}") = "dapper_console_1", "dapper_console_1\dapper_console_1.csproj", "{30C7CCB8-3F36-4D00-A606-C32B0BEB5727}"
EndProject
Project("{FAE04EC0-301F-11D3-BF4B-00C04F79EFBC}") = "ConsoleApp1", "ConsoleApp1\ConsoleApp1.csproj", "{CDC46216-8154-4C7F-8A69-0BD95CDD8251}"
EndProject
Project("{FAE04EC0-301F-11D3-BF4B-00C04F79EFBC}") = "web_core_dapper", "web_core_dapper\web_core_dapper.csproj", "{DFC63779-2BEA-451C-8EB5-AA7B922AE0C9}"
EndProject
Global
	GlobalSection(SolutionConfigurationPlatforms) = preSolution
		Debug|Any CPU = Debug|Any CPU
		Release|Any CPU = Release|Any CPU
	EndGlobalSection
	GlobalSection(ProjectConfigurationPlatforms) = postSolution
		{30C7CCB8-3F36-4D00-A606-C32B0BEB5727}.Debug|Any CPU.ActiveCfg = Debug|Any CPU
		{30C7CCB8-3F36-4D00-A606-C32B0BEB5727}.Debug|Any CPU.Build.0 = Debug|Any CPU
		{30C7CCB8-3F36-4D00-A606-C32B0BEB5727}.Release|Any CPU.ActiveCfg = Release|Any CPU
		{30C7CCB8-3F36-4D00-A606-C32B0BEB5727}.Release|Any CPU.Build.0 = Release|Any CPU
		{CDC46216-8154-4C7F-8A69-0BD95CDD8251}.Debug|Any CPU.ActiveCfg = Debug|Any CPU
		{CDC46216-8154-4C7F-8A69-0BD95CDD8251}.Debug|Any CPU.Build.0 = Debug|Any CPU
		{CDC46216-8154-4C7F-8A69-0BD95CDD8251}.Release|Any CPU.ActiveCfg = Release|Any CPU
		{CDC46216-8154-4C7F-8A69-0BD95CDD8251}.Release|Any CPU.Build.0 = Release|Any CPU
		{DFC63779-2BEA-451C-8EB5-AA7B922AE0C9}.Debug|Any CPU.ActiveCfg = Debug|Any CPU
		{DFC63779-2BEA-451C-8EB5-AA7B922AE0C9}.Debug|Any CPU.Build.0 = Debug|Any CPU
		{DFC63779-2BEA-451C-8EB5-AA7B922AE0C9}.Release|Any CPU.ActiveCfg = Release|Any CPU
		{DFC63779-2BEA-451C-8EB5-AA7B922AE0C9}.Release|Any CPU.Build.0 = Release|Any CPU
	EndGlobalSection
	GlobalSection(SolutionProperties) = preSolution
		HideSolutionNode = FALSE
	EndGlobalSection
	GlobalSection(ExtensibilityGlobals) = postSolution
		SolutionGuid = {5E2C620C-1E3E-45E1-AC90-DB703650CE1F}
	EndGlobalSection
EndGlobal
